
Microsoft Visual Studio Solution File, Format Version 12.00
# Visual Studio Version 17
VisualStudioVersion = 17.4.33205.214
MinimumVisualStudioVersion = 10.0.40219.1
Project("{FAE04EC0-301F-11D3-BF4B-00C04F79EFBC}") = "Project1", "Project1\Project1.csproj", "{0BA1CA15-2B4F-4A7F-A81F-C45847AE78DA}"
EndProject
Global
	GlobalSection(SolutionConfigurationPlatforms) = preSolution
		Debug|Any CPU = Debug|Any CPU
		Release|Any CPU = Release|Any CPU
	EndGlobalSection
	GlobalSection(ProjectConfigurationPlatforms) = postSolution
		{0BA1CA15-2B4F-4A7F-A81F-C45847AE78DA}.Debug|Any CPU.ActiveCfg = Debug|Any CPU
		{0BA1CA15-2B4F-4A7F-A81F-C45847AE78DA}.Debug|Any CPU.Build.0 = Debug|Any CPU
		{0BA1CA15-2B4F-4A7F-A81F-C45847AE78DA}.Release|Any CPU.ActiveCfg = Release|Any CPU
		{0BA1CA15-2B4F-4A7F-A81F-C45847AE78DA}.Release|Any CPU.Build.0 = Release|Any CPU
	EndGlobalSection
	GlobalSection(SolutionProperties) = preSolution
		HideSolutionNode = FALSE
	EndGlobalSection
	GlobalSection(ExtensibilityGlobals) = postSolution
		SolutionGuid = {663C3F6F-BC9A-47FC-86B1-FF12C115DD4F}
	EndGlobalSection
EndGlobal
