
Microsoft Visual Studio Solution File, Format Version 12.00
# Visual Studio Version 17
VisualStudioVersion = 17.4.33205.214
MinimumVisualStudioVersion = 10.0.40219.1
Project("{FAE04EC0-301F-11D3-BF4B-00C04F79EFBC}") = "Exercise7", "Exercise7\Exercise7.csproj", "{667D5BD8-11A4-48D1-AA59-7A92166E1770}"
EndProject
Global
	GlobalSection(SolutionConfigurationPlatforms) = preSolution
		Debug|Any CPU = Debug|Any CPU
		Release|Any CPU = Release|Any CPU
	EndGlobalSection
	GlobalSection(ProjectConfigurationPlatforms) = postSolution
		{667D5BD8-11A4-48D1-AA59-7A92166E1770}.Debug|Any CPU.ActiveCfg = Debug|Any CPU
		{667D5BD8-11A4-48D1-AA59-7A92166E1770}.Debug|Any CPU.Build.0 = Debug|Any CPU
		{667D5BD8-11A4-48D1-AA59-7A92166E1770}.Release|Any CPU.ActiveCfg = Release|Any CPU
		{667D5BD8-11A4-48D1-AA59-7A92166E1770}.Release|Any CPU.Build.0 = Release|Any CPU
	EndGlobalSection
	GlobalSection(SolutionProperties) = preSolution
		HideSolutionNode = FALSE
	EndGlobalSection
	GlobalSection(ExtensibilityGlobals) = postSolution
		SolutionGuid = {11C132A9-B28D-41F2-8328-06139B9557DA}
	EndGlobalSection
EndGlobal
