
Microsoft Visual Studio Solution File, Format Version 12.00
# Visual Studio Version 17
VisualStudioVersion = 17.9.34728.123
MinimumVisualStudioVersion = 10.0.40219.1
Project("{FAE04EC0-301F-11D3-BF4B-00C04F79EFBC}") = "simple_puzzle_game", "simple_puzzle_game\simple_puzzle_game.csproj", "{B34765BD-5DD5-4180-B735-E5DBEE4D708F}"
EndProject
Global
	GlobalSection(SolutionConfigurationPlatforms) = preSolution
		Debug|Any CPU = Debug|Any CPU
		Release|Any CPU = Release|Any CPU
	EndGlobalSection
	GlobalSection(ProjectConfigurationPlatforms) = postSolution
		{B34765BD-5DD5-4180-B735-E5DBEE4D708F}.Debug|Any CPU.ActiveCfg = Debug|Any CPU
		{B34765BD-5DD5-4180-B735-E5DBEE4D708F}.Debug|Any CPU.Build.0 = Debug|Any CPU
		{B34765BD-5DD5-4180-B735-E5DBEE4D708F}.Release|Any CPU.ActiveCfg = Release|Any CPU
		{B34765BD-5DD5-4180-B735-E5DBEE4D708F}.Release|Any CPU.Build.0 = Release|Any CPU
	EndGlobalSection
	GlobalSection(SolutionProperties) = preSolution
		HideSolutionNode = FALSE
	EndGlobalSection
	GlobalSection(ExtensibilityGlobals) = postSolution
		SolutionGuid = {81B18711-B7DF-411E-AD80-6969B09C5826}
	EndGlobalSection
EndGlobal
